
Microsoft Visual Studio Solution File, Format Version 12.00
# Visual Studio Version 17
VisualStudioVersion = 17.13.35913.81 d17.13
MinimumVisualStudioVersion = 10.0.40219.1
Project("{FAE04EC0-301F-11D3-BF4B-00C04F79EFBC}") = "ExcelHandler", "ExcelHandler\ExcelHandler.csproj", "{3397C718-9942-4B13-AEA3-4217954FD3FB}"
EndProject
Global
	GlobalSection(SolutionConfigurationPlatforms) = preSolution
		Debug|Any CPU = Debug|Any CPU
		Release|Any CPU = Release|Any CPU
	EndGlobalSection
	GlobalSection(ProjectConfigurationPlatforms) = postSolution
		{3397C718-9942-4B13-AEA3-4217954FD3FB}.Debug|Any CPU.ActiveCfg = Debug|Any CPU
		{3397C718-9942-4B13-AEA3-4217954FD3FB}.Debug|Any CPU.Build.0 = Debug|Any CPU
		{3397C718-9942-4B13-AEA3-4217954FD3FB}.Release|Any CPU.ActiveCfg = Release|Any CPU
		{3397C718-9942-4B13-AEA3-4217954FD3FB}.Release|Any CPU.Build.0 = Release|Any CPU
	EndGlobalSection
	GlobalSection(SolutionProperties) = preSolution
		HideSolutionNode = FALSE
	EndGlobalSection
	GlobalSection(ExtensibilityGlobals) = postSolution
		SolutionGuid = {878E4AAF-B5DC-4DEB-8934-059D1A16EF44}
	EndGlobalSection
EndGlobal
